
Microsoft Visual Studio Solution File, Format Version 12.00
# Visual Studio Version 17
VisualStudioVersion = 17.2.32505.173
MinimumVisualStudioVersion = 10.0.40219.1
Project("{FAE04EC0-301F-11D3-BF4B-00C04F79EFBC}") = "Connect", "Connect\Connect.csproj", "{10B2A119-41CE-4B93-B12D-74D7B58A9CA8}"
EndProject
Global
	GlobalSection(SolutionConfigurationPlatforms) = preSolution
		Debug|Any CPU = Debug|Any CPU
		Release|Any CPU = Release|Any CPU
	EndGlobalSection
	GlobalSection(ProjectConfigurationPlatforms) = postSolution
		{10B2A119-41CE-4B93-B12D-74D7B58A9CA8}.Debug|Any CPU.ActiveCfg = Debug|Any CPU
		{10B2A119-41CE-4B93-B12D-74D7B58A9CA8}.Debug|Any CPU.Build.0 = Debug|Any CPU
		{10B2A119-41CE-4B93-B12D-74D7B58A9CA8}.Release|Any CPU.ActiveCfg = Release|Any CPU
		{10B2A119-41CE-4B93-B12D-74D7B58A9CA8}.Release|Any CPU.Build.0 = Release|Any CPU
	EndGlobalSection
	GlobalSection(SolutionProperties) = preSolution
		HideSolutionNode = FALSE
	EndGlobalSection
	GlobalSection(ExtensibilityGlobals) = postSolution
		SolutionGuid = {7E9E6156-57F6-4E59-979C-B3F9CBDB7A65}
	EndGlobalSection
EndGlobal
